// !$*UTF8*$!
{
	archiveVersion = 1;
	classes = {
	};
	objectVersion = 52;
	objects = {

/* Begin PBXBuildFile section */
		0B2B1ABD25B95D0800D77F4E /* App.swift in Sources */ = {isa = PBXBuildFile; fileRef = 0B2B1ABC25B95D0800D77F4E /* App.swift */; };
		0B2B1AC225B95D0800D77F4E /* Main.storyboard in Resources */ = {isa = PBXBuildFile; fileRef = 0B2B1AC025B95D0800D77F4E /* Main.storyboard */; };
		0B2B1AC425B95D0A00D77F4E /* Assets.xcassets in Resources */ = {isa = PBXBuildFile; fileRef = 0B2B1AC325B95D0A00D77F4E /* Assets.xcassets */; };
		0B2B1AC725B95D0A00D77F4E /* LaunchScreen.storyboard in Resources */ = {isa = PBXBuildFile; fileRef = 0B2B1AC525B95D0A00D77F4E /* LaunchScreen.storyboard */; };
		0B2B1AD225B95D0C00D77F4E /* chaochat_iOSTests.swift in Sources */ = {isa = PBXBuildFile; fileRef = 0B2B1AD125B95D0C00D77F4E /* chaochat_iOSTests.swift */; };
		0B2B1ADD25B95D0D00D77F4E /* chaochat_iOSUITests.swift in Sources */ = {isa = PBXBuildFile; fileRef = 0B2B1ADC25B95D0D00D77F4E /* chaochat_iOSUITests.swift */; };
		0B2B1AEF25B9638A00D77F4E /* FirebaseFirestore in Frameworks */ = {isa = PBXBuildFile; productRef = 0B2B1AEE25B9638A00D77F4E /* FirebaseFirestore */; };
		0B2B1AF125B9638A00D77F4E /* FirebaseFirestoreSwift-Beta in Frameworks */ = {isa = PBXBuildFile; productRef = 0B2B1AF025B9638A00D77F4E /* FirebaseFirestoreSwift-Beta */; };
		0B2B1AF325B9638A00D77F4E /* FirebaseFunctions in Frameworks */ = {isa = PBXBuildFile; productRef = 0B2B1AF225B9638A00D77F4E /* FirebaseFunctions */; };
		0B2B1AF525B9638A00D77F4E /* FirebaseRemoteConfig in Frameworks */ = {isa = PBXBuildFile; productRef = 0B2B1AF425B9638A00D77F4E /* FirebaseRemoteConfig */; };
		0B2B1AF725B9638A00D77F4E /* FirebaseAuth in Frameworks */ = {isa = PBXBuildFile; productRef = 0B2B1AF625B9638A00D77F4E /* FirebaseAuth */; };
		0B2B1AF925B9638A00D77F4E /* FirebaseDynamicLinks in Frameworks */ = {isa = PBXBuildFile; productRef = 0B2B1AF825B9638A00D77F4E /* FirebaseDynamicLinks */; };
		0B2B1AFB25B9638A00D77F4E /* FirebaseMessaging in Frameworks */ = {isa = PBXBuildFile; productRef = 0B2B1AFA25B9638A00D77F4E /* FirebaseMessaging */; };
		0B2B1B0B25B98F0E00D77F4E /* SignInView.swift in Sources */ = {isa = PBXBuildFile; fileRef = 0B2B1B0A25B98F0E00D77F4E /* SignInView.swift */; };
		0B2B1B1325B9934800D77F4E /* GoogleService-Info.plist in Resources */ = {isa = PBXBuildFile; fileRef = 0B2B1B1225B9934800D77F4E /* GoogleService-Info.plist */; };
		0B2B1B2B25B998AA00D77F4E /* RootView.swift in Sources */ = {isa = PBXBuildFile; fileRef = 0B2B1B2A25B998AA00D77F4E /* RootView.swift */; };
		0B2B1B3625B999F100D77F4E /* ChatView.swift in Sources */ = {isa = PBXBuildFile; fileRef = 0B2B1B3525B999F100D77F4E /* ChatView.swift */; };
		0B2B1B3F25B99A7900D77F4E /* Message.swift in Sources */ = {isa = PBXBuildFile; fileRef = 0B2B1B3E25B99A7900D77F4E /* Message.swift */; };
		0B2B1B6925BB0AFD00D77F4E /* KeyboardAwareModifier.swift in Sources */ = {isa = PBXBuildFile; fileRef = 0B2B1B6825BB0AFC00D77F4E /* KeyboardAwareModifier.swift */; };
		0B2B1B7A25BB0CFA00D77F4E /* MessageView.swift in Sources */ = {isa = PBXBuildFile; fileRef = 0B2B1B7925BB0CFA00D77F4E /* MessageView.swift */; };
		0B2B1B8125BB131B00D77F4E /* MessagesViewModel.swift in Sources */ = {isa = PBXBuildFile; fileRef = 0B2B1B8025BB131A00D77F4E /* MessagesViewModel.swift */; };
		0B2B1B8925BB261C00D77F4E /* AuthenticationService.swift in Sources */ = {isa = PBXBuildFile; fileRef = 0B2B1B8825BB261800D77F4E /* AuthenticationService.swift */; };
		0B2B1B9425BB388E00D77F4E /* Room.swift in Sources */ = {isa = PBXBuildFile; fileRef = 0B2B1B9325BB388B00D77F4E /* Room.swift */; };
		0B2B1B9925BBE7D000D77F4E /* InputView.swift in Sources */ = {isa = PBXBuildFile; fileRef = 0B2B1B9825BBE7D000D77F4E /* InputView.swift */; };
		0B39D02125BE98FB00549EBA /* ImagePickerView.swift in Sources */ = {isa = PBXBuildFile; fileRef = 0B39D02025BE98FB00549EBA /* ImagePickerView.swift */; };
		0B3EB5AE25BBEE2D00A4AF20 /* ChatContentView.swift in Sources */ = {isa = PBXBuildFile; fileRef = 0B3EB5AD25BBEE2D00A4AF20 /* ChatContentView.swift */; };
		0B3EB5B625BBF2C300A4AF20 /* RoomsListView.swift in Sources */ = {isa = PBXBuildFile; fileRef = 0B3EB5B525BBF2C200A4AF20 /* RoomsListView.swift */; };
		0B3EB5C125BBF36700A4AF20 /* Document.swift in Sources */ = {isa = PBXBuildFile; fileRef = 0B3EB5C025BBF36700A4AF20 /* Document.swift */; };
		0B3EB5C625BBF79200A4AF20 /* RoomsViewModel.swift in Sources */ = {isa = PBXBuildFile; fileRef = 0B3EB5C525BBF79200A4AF20 /* RoomsViewModel.swift */; };
		0B3EB5CB25BC0C1D00A4AF20 /* CreateRoomView.swift in Sources */ = {isa = PBXBuildFile; fileRef = 0B3EB5CA25BC0C1D00A4AF20 /* CreateRoomView.swift */; };
		0B3EB5D325BC1F9C00A4AF20 /* RoomView.swift in Sources */ = {isa = PBXBuildFile; fileRef = 0B3EB5D225BC1F9C00A4AF20 /* RoomView.swift */; };
		0B3EB5DF25BC7FD900A4AF20 /* UIColor+pallete.swift in Sources */ = {isa = PBXBuildFile; fileRef = 0B3EB5DE25BC7FD900A4AF20 /* UIColor+pallete.swift */; };
		0B3EB5F425BD4A7600A4AF20 /* SignInWithAppleCoordinator.swift in Sources */ = {isa = PBXBuildFile; fileRef = 0B3EB5F325BD4A7600A4AF20 /* SignInWithAppleCoordinator.swift */; };
		0B3EB5FE25BD860600A4AF20 /* EnvironmentKeys.swift in Sources */ = {isa = PBXBuildFile; fileRef = 0B3EB5FD25BD860500A4AF20 /* EnvironmentKeys.swift */; };
		0B8073AE25C058950091C7B6 /* URL+DeepLink.swift in Sources */ = {isa = PBXBuildFile; fileRef = 0B8073AD25C058950091C7B6 /* URL+DeepLink.swift */; };
		0B8073B325C05F6C0091C7B6 /* RoomDescriptionView.swift in Sources */ = {isa = PBXBuildFile; fileRef = 0B8073B225C05F6C0091C7B6 /* RoomDescriptionView.swift */; };
		0B8073B825C068650091C7B6 /* SingleRoomViewModel.swift in Sources */ = {isa = PBXBuildFile; fileRef = 0B8073B725C068640091C7B6 /* SingleRoomViewModel.swift */; };
		0B8073BF25C095AB0091C7B6 /* Member.swift in Sources */ = {isa = PBXBuildFile; fileRef = 0B8073BE25C095AB0091C7B6 /* Member.swift */; };
		0B8073CA25C141FD0091C7B6 /* ProfileView.swift in Sources */ = {isa = PBXBuildFile; fileRef = 0B8073C925C141FD0091C7B6 /* ProfileView.swift */; };
		0B8073D025C1671A0091C7B6 /* Nuke in Frameworks */ = {isa = PBXBuildFile; productRef = 0B8073CF25C1671A0091C7B6 /* Nuke */; };
		0B8073D625C16BA90091C7B6 /* FetchImage in Frameworks */ = {isa = PBXBuildFile; productRef = 0B8073D525C16BA90091C7B6 /* FetchImage */; };
		0BF9CD7425C4CE7300B49317 /* FloatingButton.swift in Sources */ = {isa = PBXBuildFile; fileRef = 0BF9CD7325C4CE7300B49317 /* FloatingButton.swift */; };
/* End PBXBuildFile section */

/* Begin PBXContainerItemProxy section */
		0B2B1ACE25B95D0C00D77F4E /* PBXContainerItemProxy */ = {
			isa = PBXContainerItemProxy;
			containerPortal = 0B2B1AAF25B95D0800D77F4E /* Project object */;
			proxyType = 1;
			remoteGlobalIDString = 0B2B1AB625B95D0800D77F4E;
			remoteInfo = chaochat_iOS;
		};
		0B2B1AD925B95D0D00D77F4E /* PBXContainerItemProxy */ = {
			isa = PBXContainerItemProxy;
			containerPortal = 0B2B1AAF25B95D0800D77F4E /* Project object */;
			proxyType = 1;
			remoteGlobalIDString = 0B2B1AB625B95D0800D77F4E;
			remoteInfo = chaochat_iOS;
		};
/* End PBXContainerItemProxy section */

/* Begin PBXFileReference section */
		0B2B1AB725B95D0800D77F4E /* chaochat_iOS.app */ = {isa = PBXFileReference; explicitFileType = wrapper.application; includeInIndex = 0; path = chaochat_iOS.app; sourceTree = BUILT_PRODUCTS_DIR; };
		0B2B1ABC25B95D0800D77F4E /* App.swift */ = {isa = PBXFileReference; lastKnownFileType = sourcecode.swift; path = App.swift; sourceTree = "<group>"; };
		0B2B1AC125B95D0800D77F4E /* Base */ = {isa = PBXFileReference; lastKnownFileType = file.storyboard; name = Base; path = Base.lproj/Main.storyboard; sourceTree = "<group>"; };
		0B2B1AC325B95D0A00D77F4E /* Assets.xcassets */ = {isa = PBXFileReference; lastKnownFileType = folder.assetcatalog; path = Assets.xcassets; sourceTree = "<group>"; };
		0B2B1AC625B95D0A00D77F4E /* Base */ = {isa = PBXFileReference; lastKnownFileType = file.storyboard; name = Base; path = Base.lproj/LaunchScreen.storyboard; sourceTree = "<group>"; };
		0B2B1AC825B95D0A00D77F4E /* Info.plist */ = {isa = PBXFileReference; lastKnownFileType = text.plist.xml; path = Info.plist; sourceTree = "<group>"; };
		0B2B1ACD25B95D0C00D77F4E /* chaochat_iOSTests.xctest */ = {isa = PBXFileReference; explicitFileType = wrapper.cfbundle; includeInIndex = 0; path = chaochat_iOSTests.xctest; sourceTree = BUILT_PRODUCTS_DIR; };
		0B2B1AD125B95D0C00D77F4E /* chaochat_iOSTests.swift */ = {isa = PBXFileReference; lastKnownFileType = sourcecode.swift; path = chaochat_iOSTests.swift; sourceTree = "<group>"; };
		0B2B1AD325B95D0C00D77F4E /* Info.plist */ = {isa = PBXFileReference; lastKnownFileType = text.plist.xml; path = Info.plist; sourceTree = "<group>"; };
		0B2B1AD825B95D0D00D77F4E /* chaochat_iOSUITests.xctest */ = {isa = PBXFileReference; explicitFileType = wrapper.cfbundle; includeInIndex = 0; path = chaochat_iOSUITests.xctest; sourceTree = BUILT_PRODUCTS_DIR; };
		0B2B1ADC25B95D0D00D77F4E /* chaochat_iOSUITests.swift */ = {isa = PBXFileReference; lastKnownFileType = sourcecode.swift; path = chaochat_iOSUITests.swift; sourceTree = "<group>"; };
		0B2B1ADE25B95D0D00D77F4E /* Info.plist */ = {isa = PBXFileReference; lastKnownFileType = text.plist.xml; path = Info.plist; sourceTree = "<group>"; };
		0B2B1B0A25B98F0E00D77F4E /* SignInView.swift */ = {isa = PBXFileReference; lastKnownFileType = sourcecode.swift; path = SignInView.swift; sourceTree = "<group>"; };
		0B2B1B1225B9934800D77F4E /* GoogleService-Info.plist */ = {isa = PBXFileReference; fileEncoding = 4; lastKnownFileType = text.plist.xml; path = "GoogleService-Info.plist"; sourceTree = "<group>"; };
		0B2B1B2A25B998AA00D77F4E /* RootView.swift */ = {isa = PBXFileReference; lastKnownFileType = sourcecode.swift; path = RootView.swift; sourceTree = "<group>"; };
		0B2B1B3525B999F100D77F4E /* ChatView.swift */ = {isa = PBXFileReference; lastKnownFileType = sourcecode.swift; path = ChatView.swift; sourceTree = "<group>"; };
		0B2B1B3E25B99A7900D77F4E /* Message.swift */ = {isa = PBXFileReference; lastKnownFileType = sourcecode.swift; path = Message.swift; sourceTree = "<group>"; };
		0B2B1B6825BB0AFC00D77F4E /* KeyboardAwareModifier.swift */ = {isa = PBXFileReference; lastKnownFileType = sourcecode.swift; path = KeyboardAwareModifier.swift; sourceTree = "<group>"; };
		0B2B1B7925BB0CFA00D77F4E /* MessageView.swift */ = {isa = PBXFileReference; lastKnownFileType = sourcecode.swift; path = MessageView.swift; sourceTree = "<group>"; };
		0B2B1B8025BB131A00D77F4E /* MessagesViewModel.swift */ = {isa = PBXFileReference; lastKnownFileType = sourcecode.swift; path = MessagesViewModel.swift; sourceTree = "<group>"; };
		0B2B1B8825BB261800D77F4E /* AuthenticationService.swift */ = {isa = PBXFileReference; lastKnownFileType = sourcecode.swift; path = AuthenticationService.swift; sourceTree = "<group>"; };
		0B2B1B9325BB388B00D77F4E /* Room.swift */ = {isa = PBXFileReference; lastKnownFileType = sourcecode.swift; path = Room.swift; sourceTree = "<group>"; };
		0B2B1B9825BBE7D000D77F4E /* InputView.swift */ = {isa = PBXFileReference; lastKnownFileType = sourcecode.swift; path = InputView.swift; sourceTree = "<group>"; };
		0B39D02025BE98FB00549EBA /* ImagePickerView.swift */ = {isa = PBXFileReference; lastKnownFileType = sourcecode.swift; path = ImagePickerView.swift; sourceTree = "<group>"; };
		0B3EB5AD25BBEE2D00A4AF20 /* ChatContentView.swift */ = {isa = PBXFileReference; lastKnownFileType = sourcecode.swift; path = ChatContentView.swift; sourceTree = "<group>"; };
		0B3EB5B525BBF2C200A4AF20 /* RoomsListView.swift */ = {isa = PBXFileReference; lastKnownFileType = sourcecode.swift; path = RoomsListView.swift; sourceTree = "<group>"; };
		0B3EB5C025BBF36700A4AF20 /* Document.swift */ = {isa = PBXFileReference; lastKnownFileType = sourcecode.swift; path = Document.swift; sourceTree = "<group>"; };
		0B3EB5C525BBF79200A4AF20 /* RoomsViewModel.swift */ = {isa = PBXFileReference; lastKnownFileType = sourcecode.swift; path = RoomsViewModel.swift; sourceTree = "<group>"; };
		0B3EB5CA25BC0C1D00A4AF20 /* CreateRoomView.swift */ = {isa = PBXFileReference; lastKnownFileType = sourcecode.swift; path = CreateRoomView.swift; sourceTree = "<group>"; };
		0B3EB5D225BC1F9C00A4AF20 /* RoomView.swift */ = {isa = PBXFileReference; lastKnownFileType = sourcecode.swift; path = RoomView.swift; sourceTree = "<group>"; };
		0B3EB5DE25BC7FD900A4AF20 /* UIColor+pallete.swift */ = {isa = PBXFileReference; lastKnownFileType = sourcecode.swift; path = "UIColor+pallete.swift"; sourceTree = "<group>"; };
		0B3EB5EF25BD425E00A4AF20 /* chaochat_iOS.entitlements */ = {isa = PBXFileReference; lastKnownFileType = text.plist.entitlements; path = chaochat_iOS.entitlements; sourceTree = "<group>"; };
		0B3EB5F325BD4A7600A4AF20 /* SignInWithAppleCoordinator.swift */ = {isa = PBXFileReference; lastKnownFileType = sourcecode.swift; path = SignInWithAppleCoordinator.swift; sourceTree = "<group>"; };
		0B3EB5FD25BD860500A4AF20 /* EnvironmentKeys.swift */ = {isa = PBXFileReference; lastKnownFileType = sourcecode.swift; path = EnvironmentKeys.swift; sourceTree = "<group>"; };
		0B8073AD25C058950091C7B6 /* URL+DeepLink.swift */ = {isa = PBXFileReference; lastKnownFileType = sourcecode.swift; path = "URL+DeepLink.swift"; sourceTree = "<group>"; };
		0B8073B225C05F6C0091C7B6 /* RoomDescriptionView.swift */ = {isa = PBXFileReference; lastKnownFileType = sourcecode.swift; path = RoomDescriptionView.swift; sourceTree = "<group>"; };
		0B8073B725C068640091C7B6 /* SingleRoomViewModel.swift */ = {isa = PBXFileReference; lastKnownFileType = sourcecode.swift; path = SingleRoomViewModel.swift; sourceTree = "<group>"; };
		0B8073BE25C095AB0091C7B6 /* Member.swift */ = {isa = PBXFileReference; lastKnownFileType = sourcecode.swift; path = Member.swift; sourceTree = "<group>"; };
		0B8073C925C141FD0091C7B6 /* ProfileView.swift */ = {isa = PBXFileReference; lastKnownFileType = sourcecode.swift; path = ProfileView.swift; sourceTree = "<group>"; };
		0BF9CD7325C4CE7300B49317 /* FloatingButton.swift */ = {isa = PBXFileReference; lastKnownFileType = sourcecode.swift; path = FloatingButton.swift; sourceTree = "<group>"; };
/* End PBXFileReference section */

/* Begin PBXFrameworksBuildPhase section */
		0B2B1AB425B95D0800D77F4E /* Frameworks */ = {
			isa = PBXFrameworksBuildPhase;
			buildActionMask = 2147483647;
			files = (
				0B2B1AF325B9638A00D77F4E /* FirebaseFunctions in Frameworks */,
				0B2B1AF725B9638A00D77F4E /* FirebaseAuth in Frameworks */,
				0B2B1AFB25B9638A00D77F4E /* FirebaseMessaging in Frameworks */,
				0B8073D625C16BA90091C7B6 /* FetchImage in Frameworks */,
				0B2B1AEF25B9638A00D77F4E /* FirebaseFirestore in Frameworks */,
				0B2B1AF125B9638A00D77F4E /* FirebaseFirestoreSwift-Beta in Frameworks */,
				0B2B1AF525B9638A00D77F4E /* FirebaseRemoteConfig in Frameworks */,
				0B2B1AF925B9638A00D77F4E /* FirebaseDynamicLinks in Frameworks */,
				0B8073D025C1671A0091C7B6 /* Nuke in Frameworks */,
			);
			runOnlyForDeploymentPostprocessing = 0;
		};
		0B2B1ACA25B95D0C00D77F4E /* Frameworks */ = {
			isa = PBXFrameworksBuildPhase;
			buildActionMask = 2147483647;
			files = (
			);
			runOnlyForDeploymentPostprocessing = 0;
		};
		0B2B1AD525B95D0D00D77F4E /* Frameworks */ = {
			isa = PBXFrameworksBuildPhase;
			buildActionMask = 2147483647;
			files = (
			);
			runOnlyForDeploymentPostprocessing = 0;
		};
/* End PBXFrameworksBuildPhase section */

/* Begin PBXGroup section */
		0B2B1AAE25B95D0800D77F4E = {
			isa = PBXGroup;
			children = (
				0B2B1AB925B95D0800D77F4E /* chaochat_iOS */,
				0B2B1AD025B95D0C00D77F4E /* chaochat_iOSTests */,
				0B2B1ADB25B95D0D00D77F4E /* chaochat_iOSUITests */,
				0B2B1AB825B95D0800D77F4E /* Products */,
			);
			sourceTree = "<group>";
		};
		0B2B1AB825B95D0800D77F4E /* Products */ = {
			isa = PBXGroup;
			children = (
				0B2B1AB725B95D0800D77F4E /* chaochat_iOS.app */,
				0B2B1ACD25B95D0C00D77F4E /* chaochat_iOSTests.xctest */,
				0B2B1AD825B95D0D00D77F4E /* chaochat_iOSUITests.xctest */,
			);
			name = Products;
			sourceTree = "<group>";
		};
		0B2B1AB925B95D0800D77F4E /* chaochat_iOS */ = {
			isa = PBXGroup;
			children = (
				0B3EB5EF25BD425E00A4AF20 /* chaochat_iOS.entitlements */,
				0B3EB5DD25BC7DAC00A4AF20 /* Extensions */,
				0B2B1B7F25BB12F400D77F4E /* ViewModel */,
				0B2B1B7E25BB12CD00D77F4E /* View */,
				0B2B1B3D25B99A6500D77F4E /* Model */,
				0B3EB5FC25BD859D00A4AF20 /* Utils */,
				0B2B1ABC25B95D0800D77F4E /* App.swift */,
				0B2B1B8825BB261800D77F4E /* AuthenticationService.swift */,
				0B2B1B1225B9934800D77F4E /* GoogleService-Info.plist */,
				0B2B1AC025B95D0800D77F4E /* Main.storyboard */,
				0B2B1AC325B95D0A00D77F4E /* Assets.xcassets */,
				0B2B1AC525B95D0A00D77F4E /* LaunchScreen.storyboard */,
				0B2B1AC825B95D0A00D77F4E /* Info.plist */,
			);
			path = chaochat_iOS;
			sourceTree = "<group>";
		};
		0B2B1AD025B95D0C00D77F4E /* chaochat_iOSTests */ = {
			isa = PBXGroup;
			children = (
				0B2B1AD125B95D0C00D77F4E /* chaochat_iOSTests.swift */,
				0B2B1AD325B95D0C00D77F4E /* Info.plist */,
			);
			path = chaochat_iOSTests;
			sourceTree = "<group>";
		};
		0B2B1ADB25B95D0D00D77F4E /* chaochat_iOSUITests */ = {
			isa = PBXGroup;
			children = (
				0B2B1ADC25B95D0D00D77F4E /* chaochat_iOSUITests.swift */,
				0B2B1ADE25B95D0D00D77F4E /* Info.plist */,
			);
			path = chaochat_iOSUITests;
			sourceTree = "<group>";
		};
		0B2B1B3D25B99A6500D77F4E /* Model */ = {
			isa = PBXGroup;
			children = (
				0B2B1B3E25B99A7900D77F4E /* Message.swift */,
				0B2B1B9325BB388B00D77F4E /* Room.swift */,
				0B3EB5C025BBF36700A4AF20 /* Document.swift */,
				0B8073BE25C095AB0091C7B6 /* Member.swift */,
			);
			path = Model;
			sourceTree = "<group>";
		};
		0B2B1B7E25BB12CD00D77F4E /* View */ = {
			isa = PBXGroup;
			children = (
				0BF9CD7225C4CE6300B49317 /* Common */,
				0B3EB5D825BC200C00A4AF20 /* Room */,
				0B3EB5D725BC1FE100A4AF20 /* Chat */,
				0B2B1B0A25B98F0E00D77F4E /* SignInView.swift */,
				0B2B1B2A25B998AA00D77F4E /* RootView.swift */,
				0B39D02025BE98FB00549EBA /* ImagePickerView.swift */,
			);
			path = View;
			sourceTree = "<group>";
		};
		0B2B1B7F25BB12F400D77F4E /* ViewModel */ = {
			isa = PBXGroup;
			children = (
				0B2B1B8025BB131A00D77F4E /* MessagesViewModel.swift */,
				0B3EB5C525BBF79200A4AF20 /* RoomsViewModel.swift */,
				0B8073B725C068640091C7B6 /* SingleRoomViewModel.swift */,
			);
			path = ViewModel;
			sourceTree = "<group>";
		};
		0B3EB5D725BC1FE100A4AF20 /* Chat */ = {
			isa = PBXGroup;
			children = (
				0B2B1B9825BBE7D000D77F4E /* InputView.swift */,
				0B2B1B3525B999F100D77F4E /* ChatView.swift */,
				0B3EB5AD25BBEE2D00A4AF20 /* ChatContentView.swift */,
				0B2B1B7925BB0CFA00D77F4E /* MessageView.swift */,
			);
			path = Chat;
			sourceTree = "<group>";
		};
		0B3EB5D825BC200C00A4AF20 /* Room */ = {
			isa = PBXGroup;
			children = (
				0BF9CD6B25C4C60E00B49317 /* DeepLink */,
				0B3EB5CA25BC0C1D00A4AF20 /* CreateRoomView.swift */,
				0B3EB5B525BBF2C200A4AF20 /* RoomsListView.swift */,
				0B3EB5D225BC1F9C00A4AF20 /* RoomView.swift */,
			);
			path = Room;
			sourceTree = "<group>";
		};
		0B3EB5DD25BC7DAC00A4AF20 /* Extensions */ = {
			isa = PBXGroup;
			children = (
				0B3EB5DE25BC7FD900A4AF20 /* UIColor+pallete.swift */,
				0B8073AD25C058950091C7B6 /* URL+DeepLink.swift */,
			);
			path = Extensions;
			sourceTree = "<group>";
		};
		0B3EB5FC25BD859D00A4AF20 /* Utils */ = {
			isa = PBXGroup;
			children = (
				0B3EB5FD25BD860500A4AF20 /* EnvironmentKeys.swift */,
				0B2B1B6825BB0AFC00D77F4E /* KeyboardAwareModifier.swift */,
				0B3EB5F325BD4A7600A4AF20 /* SignInWithAppleCoordinator.swift */,
			);
			path = Utils;
			sourceTree = "<group>";
		};
		0BF9CD6B25C4C60E00B49317 /* DeepLink */ = {
			isa = PBXGroup;
			children = (
				0B8073C925C141FD0091C7B6 /* ProfileView.swift */,
				0B8073B225C05F6C0091C7B6 /* RoomDescriptionView.swift */,
			);
			path = DeepLink;
			sourceTree = "<group>";
		};
		0BF9CD7225C4CE6300B49317 /* Common */ = {
			isa = PBXGroup;
			children = (
				0BF9CD7325C4CE7300B49317 /* FloatingButton.swift */,
			);
			path = Common;
			sourceTree = "<group>";
		};
/* End PBXGroup section */

/* Begin PBXNativeTarget section */
		0B2B1AB625B95D0800D77F4E /* chaochat_iOS */ = {
			isa = PBXNativeTarget;
			buildConfigurationList = 0B2B1AE125B95D0D00D77F4E /* Build configuration list for PBXNativeTarget "chaochat_iOS" */;
			buildPhases = (
				0B2B1AB325B95D0800D77F4E /* Sources */,
				0B2B1AB425B95D0800D77F4E /* Frameworks */,
				0B2B1AB525B95D0800D77F4E /* Resources */,
			);
			buildRules = (
			);
			dependencies = (
			);
			name = chaochat_iOS;
			packageProductDependencies = (
				0B2B1AEE25B9638A00D77F4E /* FirebaseFirestore */,
				0B2B1AF025B9638A00D77F4E /* FirebaseFirestoreSwift-Beta */,
				0B2B1AF225B9638A00D77F4E /* FirebaseFunctions */,
				0B2B1AF425B9638A00D77F4E /* FirebaseRemoteConfig */,
				0B2B1AF625B9638A00D77F4E /* FirebaseAuth */,
				0B2B1AF825B9638A00D77F4E /* FirebaseDynamicLinks */,
				0B2B1AFA25B9638A00D77F4E /* FirebaseMessaging */,
				0B8073CF25C1671A0091C7B6 /* Nuke */,
				0B8073D525C16BA90091C7B6 /* FetchImage */,
			);
			productName = chaochat_iOS;
			productReference = 0B2B1AB725B95D0800D77F4E /* chaochat_iOS.app */;
			productType = "com.apple.product-type.application";
		};
		0B2B1ACC25B95D0C00D77F4E /* chaochat_iOSTests */ = {
			isa = PBXNativeTarget;
			buildConfigurationList = 0B2B1AE425B95D0D00D77F4E /* Build configuration list for PBXNativeTarget "chaochat_iOSTests" */;
			buildPhases = (
				0B2B1AC925B95D0C00D77F4E /* Sources */,
				0B2B1ACA25B95D0C00D77F4E /* Frameworks */,
				0B2B1ACB25B95D0C00D77F4E /* Resources */,
			);
			buildRules = (
			);
			dependencies = (
				0B2B1ACF25B95D0C00D77F4E /* PBXTargetDependency */,
			);
			name = chaochat_iOSTests;
			productName = chaochat_iOSTests;
			productReference = 0B2B1ACD25B95D0C00D77F4E /* chaochat_iOSTests.xctest */;
			productType = "com.apple.product-type.bundle.unit-test";
		};
		0B2B1AD725B95D0D00D77F4E /* chaochat_iOSUITests */ = {
			isa = PBXNativeTarget;
			buildConfigurationList = 0B2B1AE725B95D0D00D77F4E /* Build configuration list for PBXNativeTarget "chaochat_iOSUITests" */;
			buildPhases = (
				0B2B1AD425B95D0D00D77F4E /* Sources */,
				0B2B1AD525B95D0D00D77F4E /* Frameworks */,
				0B2B1AD625B95D0D00D77F4E /* Resources */,
			);
			buildRules = (
			);
			dependencies = (
				0B2B1ADA25B95D0D00D77F4E /* PBXTargetDependency */,
			);
			name = chaochat_iOSUITests;
			productName = chaochat_iOSUITests;
			productReference = 0B2B1AD825B95D0D00D77F4E /* chaochat_iOSUITests.xctest */;
			productType = "com.apple.product-type.bundle.ui-testing";
		};
/* End PBXNativeTarget section */

/* Begin PBXProject section */
		0B2B1AAF25B95D0800D77F4E /* Project object */ = {
			isa = PBXProject;
			attributes = {
				LastSwiftUpdateCheck = 1230;
				LastUpgradeCheck = 1230;
				TargetAttributes = {
					0B2B1AB625B95D0800D77F4E = {
						CreatedOnToolsVersion = 12.3;
					};
					0B2B1ACC25B95D0C00D77F4E = {
						CreatedOnToolsVersion = 12.3;
						TestTargetID = 0B2B1AB625B95D0800D77F4E;
					};
					0B2B1AD725B95D0D00D77F4E = {
						CreatedOnToolsVersion = 12.3;
						TestTargetID = 0B2B1AB625B95D0800D77F4E;
					};
				};
			};
			buildConfigurationList = 0B2B1AB225B95D0800D77F4E /* Build configuration list for PBXProject "chaochat_iOS" */;
			compatibilityVersion = "Xcode 9.3";
			developmentRegion = en;
			hasScannedForEncodings = 0;
			knownRegions = (
				en,
				Base,
			);
			mainGroup = 0B2B1AAE25B95D0800D77F4E;
			packageReferences = (
				0B2B1AED25B9638A00D77F4E /* XCRemoteSwiftPackageReference "firebase-ios-sdk" */,
				0B8073CE25C167190091C7B6 /* XCRemoteSwiftPackageReference "Nuke" */,
				0B8073D425C16BA80091C7B6 /* XCRemoteSwiftPackageReference "FetchImage" */,
			);
			productRefGroup = 0B2B1AB825B95D0800D77F4E /* Products */;
			projectDirPath = "";
			projectRoot = "";
			targets = (
				0B2B1AB625B95D0800D77F4E /* chaochat_iOS */,
				0B2B1ACC25B95D0C00D77F4E /* chaochat_iOSTests */,
				0B2B1AD725B95D0D00D77F4E /* chaochat_iOSUITests */,
			);
		};
/* End PBXProject section */

/* Begin PBXResourcesBuildPhase section */
		0B2B1AB525B95D0800D77F4E /* Resources */ = {
			isa = PBXResourcesBuildPhase;
			buildActionMask = 2147483647;
			files = (
				0B2B1B1325B9934800D77F4E /* GoogleService-Info.plist in Resources */,
				0B2B1AC725B95D0A00D77F4E /* LaunchScreen.storyboard in Resources */,
				0B2B1AC425B95D0A00D77F4E /* Assets.xcassets in Resources */,
				0B2B1AC225B95D0800D77F4E /* Main.storyboard in Resources */,
			);
			runOnlyForDeploymentPostprocessing = 0;
		};
		0B2B1ACB25B95D0C00D77F4E /* Resources */ = {
			isa = PBXResourcesBuildPhase;
			buildActionMask = 2147483647;
			files = (
			);
			runOnlyForDeploymentPostprocessing = 0;
		};
		0B2B1AD625B95D0D00D77F4E /* Resources */ = {
			isa = PBXResourcesBuildPhase;
			buildActionMask = 2147483647;
			files = (
			);
			runOnlyForDeploymentPostprocessing = 0;
		};
/* End PBXResourcesBuildPhase section */

/* Begin PBXSourcesBuildPhase section */
		0B2B1AB325B95D0800D77F4E /* Sources */ = {
			isa = PBXSourcesBuildPhase;
			buildActionMask = 2147483647;
			files = (
				0B2B1B9925BBE7D000D77F4E /* InputView.swift in Sources */,
				0B8073CA25C141FD0091C7B6 /* ProfileView.swift in Sources */,
				0B8073B825C068650091C7B6 /* SingleRoomViewModel.swift in Sources */,
				0B3EB5FE25BD860600A4AF20 /* EnvironmentKeys.swift in Sources */,
				0B8073BF25C095AB0091C7B6 /* Member.swift in Sources */,
				0B2B1B2B25B998AA00D77F4E /* RootView.swift in Sources */,
				0B39D02125BE98FB00549EBA /* ImagePickerView.swift in Sources */,
				0B3EB5AE25BBEE2D00A4AF20 /* ChatContentView.swift in Sources */,
				0B3EB5CB25BC0C1D00A4AF20 /* CreateRoomView.swift in Sources */,
				0B2B1B8925BB261C00D77F4E /* AuthenticationService.swift in Sources */,
				0B3EB5C625BBF79200A4AF20 /* RoomsViewModel.swift in Sources */,
				0B2B1B9425BB388E00D77F4E /* Room.swift in Sources */,
				0B3EB5DF25BC7FD900A4AF20 /* UIColor+pallete.swift in Sources */,
				0B2B1B8125BB131B00D77F4E /* MessagesViewModel.swift in Sources */,
				0B3EB5C125BBF36700A4AF20 /* Document.swift in Sources */,
				0B2B1B7A25BB0CFA00D77F4E /* MessageView.swift in Sources */,
				0B8073B325C05F6C0091C7B6 /* RoomDescriptionView.swift in Sources */,
				0B3EB5B625BBF2C300A4AF20 /* RoomsListView.swift in Sources */,
				0B3EB5D325BC1F9C00A4AF20 /* RoomView.swift in Sources */,
				0B3EB5F425BD4A7600A4AF20 /* SignInWithAppleCoordinator.swift in Sources */,
				0B2B1ABD25B95D0800D77F4E /* App.swift in Sources */,
				0B2B1B6925BB0AFD00D77F4E /* KeyboardAwareModifier.swift in Sources */,
				0BF9CD7425C4CE7300B49317 /* FloatingButton.swift in Sources */,
				0B2B1B3F25B99A7900D77F4E /* Message.swift in Sources */,
				0B2B1B3625B999F100D77F4E /* ChatView.swift in Sources */,
				0B2B1B0B25B98F0E00D77F4E /* SignInView.swift in Sources */,
				0B8073AE25C058950091C7B6 /* URL+DeepLink.swift in Sources */,
			);
			runOnlyForDeploymentPostprocessing = 0;
		};
		0B2B1AC925B95D0C00D77F4E /* Sources */ = {
			isa = PBXSourcesBuildPhase;
			buildActionMask = 2147483647;
			files = (
				0B2B1AD225B95D0C00D77F4E /* chaochat_iOSTests.swift in Sources */,
			);
			runOnlyForDeploymentPostprocessing = 0;
		};
		0B2B1AD425B95D0D00D77F4E /* Sources */ = {
			isa = PBXSourcesBuildPhase;
			buildActionMask = 2147483647;
			files = (
				0B2B1ADD25B95D0D00D77F4E /* chaochat_iOSUITests.swift in Sources */,
			);
			runOnlyForDeploymentPostprocessing = 0;
		};
/* End PBXSourcesBuildPhase section */

/* Begin PBXTargetDependency section */
		0B2B1ACF25B95D0C00D77F4E /* PBXTargetDependency */ = {
			isa = PBXTargetDependency;
			target = 0B2B1AB625B95D0800D77F4E /* chaochat_iOS */;
			targetProxy = 0B2B1ACE25B95D0C00D77F4E /* PBXContainerItemProxy */;
		};
		0B2B1ADA25B95D0D00D77F4E /* PBXTargetDependency */ = {
			isa = PBXTargetDependency;
			target = 0B2B1AB625B95D0800D77F4E /* chaochat_iOS */;
			targetProxy = 0B2B1AD925B95D0D00D77F4E /* PBXContainerItemProxy */;
		};
/* End PBXTargetDependency section */

/* Begin PBXVariantGroup section */
		0B2B1AC025B95D0800D77F4E /* Main.storyboard */ = {
			isa = PBXVariantGroup;
			children = (
				0B2B1AC125B95D0800D77F4E /* Base */,
			);
			name = Main.storyboard;
			sourceTree = "<group>";
		};
		0B2B1AC525B95D0A00D77F4E /* LaunchScreen.storyboard */ = {
			isa = PBXVariantGroup;
			children = (
				0B2B1AC625B95D0A00D77F4E /* Base */,
			);
			name = LaunchScreen.storyboard;
			sourceTree = "<group>";
		};
/* End PBXVariantGroup section */

/* Begin XCBuildConfiguration section */
		0B2B1ADF25B95D0D00D77F4E /* Debug */ = {
			isa = XCBuildConfiguration;
			buildSettings = {
				ALWAYS_SEARCH_USER_PATHS = NO;
				CLANG_ANALYZER_NONNULL = YES;
				CLANG_ANALYZER_NUMBER_OBJECT_CONVERSION = YES_AGGRESSIVE;
				CLANG_CXX_LANGUAGE_STANDARD = "gnu++14";
				CLANG_CXX_LIBRARY = "libc++";
				CLANG_ENABLE_MODULES = YES;
				CLANG_ENABLE_OBJC_ARC = YES;
				CLANG_ENABLE_OBJC_WEAK = YES;
				CLANG_WARN_BLOCK_CAPTURE_AUTORELEASING = YES;
				CLANG_WARN_BOOL_CONVERSION = YES;
				CLANG_WARN_COMMA = YES;
				CLANG_WARN_CONSTANT_CONVERSION = YES;
				CLANG_WARN_DEPRECATED_OBJC_IMPLEMENTATIONS = YES;
				CLANG_WARN_DIRECT_OBJC_ISA_USAGE = YES_ERROR;
				CLANG_WARN_DOCUMENTATION_COMMENTS = YES;
				CLANG_WARN_EMPTY_BODY = YES;
				CLANG_WARN_ENUM_CONVERSION = YES;
				CLANG_WARN_INFINITE_RECURSION = YES;
				CLANG_WARN_INT_CONVERSION = YES;
				CLANG_WARN_NON_LITERAL_NULL_CONVERSION = YES;
				CLANG_WARN_OBJC_IMPLICIT_RETAIN_SELF = YES;
				CLANG_WARN_OBJC_LITERAL_CONVERSION = YES;
				CLANG_WARN_OBJC_ROOT_CLASS = YES_ERROR;
				CLANG_WARN_QUOTED_INCLUDE_IN_FRAMEWORK_HEADER = YES;
				CLANG_WARN_RANGE_LOOP_ANALYSIS = YES;
				CLANG_WARN_STRICT_PROTOTYPES = YES;
				CLANG_WARN_SUSPICIOUS_MOVE = YES;
				CLANG_WARN_UNGUARDED_AVAILABILITY = YES_AGGRESSIVE;
				CLANG_WARN_UNREACHABLE_CODE = YES;
				CLANG_WARN__DUPLICATE_METHOD_MATCH = YES;
				COPY_PHASE_STRIP = NO;
				DEBUG_INFORMATION_FORMAT = dwarf;
				ENABLE_STRICT_OBJC_MSGSEND = YES;
				ENABLE_TESTABILITY = YES;
				GCC_C_LANGUAGE_STANDARD = gnu11;
				GCC_DYNAMIC_NO_PIC = NO;
				GCC_NO_COMMON_BLOCKS = YES;
				GCC_OPTIMIZATION_LEVEL = 0;
				GCC_PREPROCESSOR_DEFINITIONS = (
					"DEBUG=1",
					"$(inherited)",
				);
				GCC_WARN_64_TO_32_BIT_CONVERSION = YES;
				GCC_WARN_ABOUT_RETURN_TYPE = YES_ERROR;
				GCC_WARN_UNDECLARED_SELECTOR = YES;
				GCC_WARN_UNINITIALIZED_AUTOS = YES_AGGRESSIVE;
				GCC_WARN_UNUSED_FUNCTION = YES;
				GCC_WARN_UNUSED_VARIABLE = YES;
				IPHONEOS_DEPLOYMENT_TARGET = 14.3;
				MTL_ENABLE_DEBUG_INFO = INCLUDE_SOURCE;
				MTL_FAST_MATH = YES;
				ONLY_ACTIVE_ARCH = YES;
				SDKROOT = iphoneos;
				SWIFT_ACTIVE_COMPILATION_CONDITIONS = DEBUG;
				SWIFT_OPTIMIZATION_LEVEL = "-Onone";
			};
			name = Debug;
		};
		0B2B1AE025B95D0D00D77F4E /* Release */ = {
			isa = XCBuildConfiguration;
			buildSettings = {
				ALWAYS_SEARCH_USER_PATHS = NO;
				CLANG_ANALYZER_NONNULL = YES;
				CLANG_ANALYZER_NUMBER_OBJECT_CONVERSION = YES_AGGRESSIVE;
				CLANG_CXX_LANGUAGE_STANDARD = "gnu++14";
				CLANG_CXX_LIBRARY = "libc++";
				CLANG_ENABLE_MODULES = YES;
				CLANG_ENABLE_OBJC_ARC = YES;
				CLANG_ENABLE_OBJC_WEAK = YES;
				CLANG_WARN_BLOCK_CAPTURE_AUTORELEASING = YES;
				CLANG_WARN_BOOL_CONVERSION = YES;
				CLANG_WARN_COMMA = YES;
				CLANG_WARN_CONSTANT_CONVERSION = YES;
				CLANG_WARN_DEPRECATED_OBJC_IMPLEMENTATIONS = YES;
				CLANG_WARN_DIRECT_OBJC_ISA_USAGE = YES_ERROR;
				CLANG_WARN_DOCUMENTATION_COMMENTS = YES;
				CLANG_WARN_EMPTY_BODY = YES;
				CLANG_WARN_ENUM_CONVERSION = YES;
				CLANG_WARN_INFINITE_RECURSION = YES;
				CLANG_WARN_INT_CONVERSION = YES;
				CLANG_WARN_NON_LITERAL_NULL_CONVERSION = YES;
				CLANG_WARN_OBJC_IMPLICIT_RETAIN_SELF = YES;
				CLANG_WARN_OBJC_LITERAL_CONVERSION = YES;
				CLANG_WARN_OBJC_ROOT_CLASS = YES_ERROR;
				CLANG_WARN_QUOTED_INCLUDE_IN_FRAMEWORK_HEADER = YES;
				CLANG_WARN_RANGE_LOOP_ANALYSIS = YES;
				CLANG_WARN_STRICT_PROTOTYPES = YES;
				CLANG_WARN_SUSPICIOUS_MOVE = YES;
				CLANG_WARN_UNGUARDED_AVAILABILITY = YES_AGGRESSIVE;
				CLANG_WARN_UNREACHABLE_CODE = YES;
				CLANG_WARN__DUPLICATE_METHOD_MATCH = YES;
				COPY_PHASE_STRIP = NO;
				DEBUG_INFORMATION_FORMAT = "dwarf-with-dsym";
				ENABLE_NS_ASSERTIONS = NO;
				ENABLE_STRICT_OBJC_MSGSEND = YES;
				GCC_C_LANGUAGE_STANDARD = gnu11;
				GCC_NO_COMMON_BLOCKS = YES;
				GCC_WARN_64_TO_32_BIT_CONVERSION = YES;
				GCC_WARN_ABOUT_RETURN_TYPE = YES_ERROR;
				GCC_WARN_UNDECLARED_SELECTOR = YES;
				GCC_WARN_UNINITIALIZED_AUTOS = YES_AGGRESSIVE;
				GCC_WARN_UNUSED_FUNCTION = YES;
				GCC_WARN_UNUSED_VARIABLE = YES;
				IPHONEOS_DEPLOYMENT_TARGET = 14.3;
				MTL_ENABLE_DEBUG_INFO = NO;
				MTL_FAST_MATH = YES;
				SDKROOT = iphoneos;
				SWIFT_COMPILATION_MODE = wholemodule;
				SWIFT_OPTIMIZATION_LEVEL = "-O";
				VALIDATE_PRODUCT = YES;
			};
			name = Release;
		};
		0B2B1AE225B95D0D00D77F4E /* Debug */ = {
			isa = XCBuildConfiguration;
			buildSettings = {
				ASSETCATALOG_COMPILER_APPICON_NAME = AppIcon;
				ASSETCATALOG_COMPILER_GLOBAL_ACCENT_COLOR_NAME = AccentColor;
				CODE_SIGN_ENTITLEMENTS = chaochat_iOS/chaochat_iOS.entitlements;
				CODE_SIGN_STYLE = Automatic;
				DEVELOPMENT_TEAM = 23KL6LPTW3;
				INFOPLIST_FILE = chaochat_iOS/Info.plist;
				IPHONEOS_DEPLOYMENT_TARGET = 14.1;
				LD_RUNPATH_SEARCH_PATHS = (
					"$(inherited)",
					"@executable_path/Frameworks",
				);
				PRODUCT_BUNDLE_IDENTIFIER = "com.tdk0105.shinya.chaochat-iOS";
				PRODUCT_NAME = "$(TARGET_NAME)";
				SWIFT_VERSION = 5.0;
				TARGETED_DEVICE_FAMILY = "1,2";
			};
			name = Debug;
		};
		0B2B1AE325B95D0D00D77F4E /* Release */ = {
			isa = XCBuildConfiguration;
			buildSettings = {
				ASSETCATALOG_COMPILER_APPICON_NAME = AppIcon;
				ASSETCATALOG_COMPILER_GLOBAL_ACCENT_COLOR_NAME = AccentColor;
				CODE_SIGN_ENTITLEMENTS = chaochat_iOS/chaochat_iOS.entitlements;
				CODE_SIGN_STYLE = Automatic;
				DEVELOPMENT_TEAM = 23KL6LPTW3;
				INFOPLIST_FILE = chaochat_iOS/Info.plist;
				IPHONEOS_DEPLOYMENT_TARGET = 14.1;
				LD_RUNPATH_SEARCH_PATHS = (
					"$(inherited)",
					"@executable_path/Frameworks",
				);
				PRODUCT_BUNDLE_IDENTIFIER = "com.tdk0105.shinya.chaochat-iOS";
				PRODUCT_NAME = "$(TARGET_NAME)";
				SWIFT_VERSION = 5.0;
				TARGETED_DEVICE_FAMILY = "1,2";
			};
			name = Release;
		};
		0B2B1AE525B95D0D00D77F4E /* Debug */ = {
			isa = XCBuildConfiguration;
			buildSettings = {
				ALWAYS_EMBED_SWIFT_STANDARD_LIBRARIES = YES;
				BUNDLE_LOADER = "$(TEST_HOST)";
				CODE_SIGN_STYLE = Automatic;
				DEVELOPMENT_TEAM = 23KL6LPTW3;
				INFOPLIST_FILE = chaochat_iOSTests/Info.plist;
				IPHONEOS_DEPLOYMENT_TARGET = 14.3;
				LD_RUNPATH_SEARCH_PATHS = (
					"$(inherited)",
					"@executable_path/Frameworks",
					"@loader_path/Frameworks",
				);
				PRODUCT_BUNDLE_IDENTIFIER = "com.tdk0105.shinya.chaochat-iOSTests";
				PRODUCT_NAME = "$(TARGET_NAME)";
				SWIFT_VERSION = 5.0;
				TARGETED_DEVICE_FAMILY = "1,2";
				TEST_HOST = "$(BUILT_PRODUCTS_DIR)/chaochat_iOS.app/chaochat_iOS";
			};
			name = Debug;
		};
		0B2B1AE625B95D0D00D77F4E /* Release */ = {
			isa = XCBuildConfiguration;
			buildSettings = {
				ALWAYS_EMBED_SWIFT_STANDARD_LIBRARIES = YES;
				BUNDLE_LOADER = "$(TEST_HOST)";
				CODE_SIGN_STYLE = Automatic;
				DEVELOPMENT_TEAM = 23KL6LPTW3;
				INFOPLIST_FILE = chaochat_iOSTests/Info.plist;
				IPHONEOS_DEPLOYMENT_TARGET = 14.3;
				LD_RUNPATH_SEARCH_PATHS = (
					"$(inherited)",
					"@executable_path/Frameworks",
					"@loader_path/Frameworks",
				);
				PRODUCT_BUNDLE_IDENTIFIER = "com.tdk0105.shinya.chaochat-iOSTests";
				PRODUCT_NAME = "$(TARGET_NAME)";
				SWIFT_VERSION = 5.0;
				TARGETED_DEVICE_FAMILY = "1,2";
				TEST_HOST = "$(BUILT_PRODUCTS_DIR)/chaochat_iOS.app/chaochat_iOS";
			};
			name = Release;
		};
		0B2B1AE825B95D0D00D77F4E /* Debug */ = {
			isa = XCBuildConfiguration;
			buildSettings = {
				ALWAYS_EMBED_SWIFT_STANDARD_LIBRARIES = YES;
				CODE_SIGN_STYLE = Automatic;
				DEVELOPMENT_TEAM = 23KL6LPTW3;
				INFOPLIST_FILE = chaochat_iOSUITests/Info.plist;
				LD_RUNPATH_SEARCH_PATHS = (
					"$(inherited)",
					"@executable_path/Frameworks",
					"@loader_path/Frameworks",
				);
				PRODUCT_BUNDLE_IDENTIFIER = "com.tdk0105.shinya.chaochat-iOSUITests";
				PRODUCT_NAME = "$(TARGET_NAME)";
				SWIFT_VERSION = 5.0;
				TARGETED_DEVICE_FAMILY = "1,2";
				TEST_TARGET_NAME = chaochat_iOS;
			};
			name = Debug;
		};
		0B2B1AE925B95D0D00D77F4E /* Release */ = {
			isa = XCBuildConfiguration;
			buildSettings = {
				ALWAYS_EMBED_SWIFT_STANDARD_LIBRARIES = YES;
				CODE_SIGN_STYLE = Automatic;
				DEVELOPMENT_TEAM = 23KL6LPTW3;
				INFOPLIST_FILE = chaochat_iOSUITests/Info.plist;
				LD_RUNPATH_SEARCH_PATHS = (
					"$(inherited)",
					"@executable_path/Frameworks",
					"@loader_path/Frameworks",
				);
				PRODUCT_BUNDLE_IDENTIFIER = "com.tdk0105.shinya.chaochat-iOSUITests";
				PRODUCT_NAME = "$(TARGET_NAME)";
				SWIFT_VERSION = 5.0;
				TARGETED_DEVICE_FAMILY = "1,2";
				TEST_TARGET_NAME = chaochat_iOS;
			};
			name = Release;
		};
/* End XCBuildConfiguration section */

/* Begin XCConfigurationList section */
		0B2B1AB225B95D0800D77F4E /* Build configuration list for PBXProject "chaochat_iOS" */ = {
			isa = XCConfigurationList;
			buildConfigurations = (
				0B2B1ADF25B95D0D00D77F4E /* Debug */,
				0B2B1AE025B95D0D00D77F4E /* Release */,
			);
			defaultConfigurationIsVisible = 0;
			defaultConfigurationName = Release;
		};
		0B2B1AE125B95D0D00D77F4E /* Build configuration list for PBXNativeTarget "chaochat_iOS" */ = {
			isa = XCConfigurationList;
			buildConfigurations = (
				0B2B1AE225B95D0D00D77F4E /* Debug */,
				0B2B1AE325B95D0D00D77F4E /* Release */,
			);
			defaultConfigurationIsVisible = 0;
			defaultConfigurationName = Release;
		};
		0B2B1AE425B95D0D00D77F4E /* Build configuration list for PBXNativeTarget "chaochat_iOSTests" */ = {
			isa = XCConfigurationList;
			buildConfigurations = (
				0B2B1AE525B95D0D00D77F4E /* Debug */,
				0B2B1AE625B95D0D00D77F4E /* Release */,
			);
			defaultConfigurationIsVisible = 0;
			defaultConfigurationName = Release;
		};
		0B2B1AE725B95D0D00D77F4E /* Build configuration list for PBXNativeTarget "chaochat_iOSUITests" */ = {
			isa = XCConfigurationList;
			buildConfigurations = (
				0B2B1AE825B95D0D00D77F4E /* Debug */,
				0B2B1AE925B95D0D00D77F4E /* Release */,
			);
			defaultConfigurationIsVisible = 0;
			defaultConfigurationName = Release;
		};
/* End XCConfigurationList section */

/* Begin XCRemoteSwiftPackageReference section */
		0B2B1AED25B9638A00D77F4E /* XCRemoteSwiftPackageReference "firebase-ios-sdk" */ = {
			isa = XCRemoteSwiftPackageReference;
			repositoryURL = "https://github.com/firebase/firebase-ios-sdk.git";
			requirement = {
				kind = upToNextMajorVersion;
				minimumVersion = 7.4.0;
			};
		};
		0B8073CE25C167190091C7B6 /* XCRemoteSwiftPackageReference "Nuke" */ = {
			isa = XCRemoteSwiftPackageReference;
			repositoryURL = "https://github.com/kean/Nuke.git";
			requirement = {
				kind = upToNextMajorVersion;
				minimumVersion = 9.2.4;
			};
		};
		0B8073D425C16BA80091C7B6 /* XCRemoteSwiftPackageReference "FetchImage" */ = {
			isa = XCRemoteSwiftPackageReference;
			repositoryURL = "https://github.com/kean/FetchImage.git";
			requirement = {
				kind = upToNextMajorVersion;
				minimumVersion = 0.3.0;
			};
		};
/* End XCRemoteSwiftPackageReference section */

/* Begin XCSwiftPackageProductDependency section */
		0B2B1AEE25B9638A00D77F4E /* FirebaseFirestore */ = {
			isa = XCSwiftPackageProductDependency;
			package = 0B2B1AED25B9638A00D77F4E /* XCRemoteSwiftPackageReference "firebase-ios-sdk" */;
			productName = FirebaseFirestore;
		};
		0B2B1AF025B9638A00D77F4E /* FirebaseFirestoreSwift-Beta */ = {
			isa = XCSwiftPackageProductDependency;
			package = 0B2B1AED25B9638A00D77F4E /* XCRemoteSwiftPackageReference "firebase-ios-sdk" */;
			productName = "FirebaseFirestoreSwift-Beta";
		};
		0B2B1AF225B9638A00D77F4E /* FirebaseFunctions */ = {
			isa = XCSwiftPackageProductDependency;
			package = 0B2B1AED25B9638A00D77F4E /* XCRemoteSwiftPackageReference "firebase-ios-sdk" */;
			productName = FirebaseFunctions;
		};
		0B2B1AF425B9638A00D77F4E /* FirebaseRemoteConfig */ = {
			isa = XCSwiftPackageProductDependency;
			package = 0B2B1AED25B9638A00D77F4E /* XCRemoteSwiftPackageReference "firebase-ios-sdk" */;
			productName = FirebaseRemoteConfig;
		};
		0B2B1AF625B9638A00D77F4E /* FirebaseAuth */ = {
			isa = XCSwiftPackageProductDependency;
			package = 0B2B1AED25B9638A00D77F4E /* XCRemoteSwiftPackageReference "firebase-ios-sdk" */;
			productName = FirebaseAuth;
		};
		0B2B1AF825B9638A00D77F4E /* FirebaseDynamicLinks */ = {
			isa = XCSwiftPackageProductDependency;
			package = 0B2B1AED25B9638A00D77F4E /* XCRemoteSwiftPackageReference "firebase-ios-sdk" */;
			productName = FirebaseDynamicLinks;
		};
		0B2B1AFA25B9638A00D77F4E /* FirebaseMessaging */ = {
			isa = XCSwiftPackageProductDependency;
			package = 0B2B1AED25B9638A00D77F4E /* XCRemoteSwiftPackageReference "firebase-ios-sdk" */;
			productName = FirebaseMessaging;
		};
		0B8073CF25C1671A0091C7B6 /* Nuke */ = {
			isa = XCSwiftPackageProductDependency;
			package = 0B8073CE25C167190091C7B6 /* XCRemoteSwiftPackageReference "Nuke" */;
			productName = Nuke;
		};
		0B8073D525C16BA90091C7B6 /* FetchImage */ = {
			isa = XCSwiftPackageProductDependency;
			package = 0B8073D425C16BA80091C7B6 /* XCRemoteSwiftPackageReference "FetchImage" */;
			productName = FetchImage;
		};
/* End XCSwiftPackageProductDependency section */
	};
	rootObject = 0B2B1AAF25B95D0800D77F4E /* Project object */;
}
